
Microsoft Visual Studio Solution File, Format Version 12.00
Project("{2150E333-8FDC-42A3-9474-1A3956D46DE8}") = "Services", "Services", "{5854FF58-B8C5-05C6-5BF2-ACE42193F22B}"
EndProject
Project("{FAE04EC0-301F-11D3-BF4B-00C04F79EFBC}") = "IdentityService", "Services\IdentityService\IdentityService.csproj", "{7E0E2FD7-ED9F-4E2F-93DF-DBDE53A658E7}"
EndProject
Project("{FAE04EC0-301F-11D3-BF4B-00C04F79EFBC}") = "TransactionService", "Services\TransactionService\TransactionService.csproj", "{324316E6-01A7-4ACC-A82F-8806C1BFEA5D}"
EndProject
Project("{2150E333-8FDC-42A3-9474-1A3956D46DE8}") = "Shared", "Shared", "{4F52FD11-658E-A102-6CD3-7D7C16FFA15B}"
EndProject
Project("{FAE04EC0-301F-11D3-BF4B-00C04F79EFBC}") = "SharedKernel", "Shared\SharedKernel\SharedKernel.csproj", "{26FCA3B2-DEAD-44C7-9F37-FC233CC0BAEE}"
EndProject
Project("{FAE04EC0-301F-11D3-BF4B-00C04F79EFBC}") = "EmailService", "Services\EmailService\EmailService.csproj", "{4D05B0BD-8626-4278-9291-D7106A37518E}"
EndProject
Project("{2150E333-8FDC-42A3-9474-1A3956D46DE8}") = "Tests", "Tests", "{0AB3BF05-4346-4AA6-1389-037BE0695223}"
EndProject
Project("{FAE04EC0-301F-11D3-BF4B-00C04F79EFBC}") = "EmailService.Tests", "Tests\EmailService.Tests\EmailService.Tests.csproj", "{AF11EA61-0F3E-4A44-9EC4-95B27AF31D11}"
EndProject
Global
	GlobalSection(SolutionConfigurationPlatforms) = preSolution
		Debug|Any CPU = Debug|Any CPU
		Debug|x64 = Debug|x64
		Debug|x86 = Debug|x86
		Release|Any CPU = Release|Any CPU
		Release|x64 = Release|x64
		Release|x86 = Release|x86
	EndGlobalSection
	GlobalSection(ProjectConfigurationPlatforms) = postSolution
		{7E0E2FD7-ED9F-4E2F-93DF-DBDE53A658E7}.Debug|Any CPU.ActiveCfg = Debug|Any CPU
		{7E0E2FD7-ED9F-4E2F-93DF-DBDE53A658E7}.Debug|Any CPU.Build.0 = Debug|Any CPU
		{7E0E2FD7-ED9F-4E2F-93DF-DBDE53A658E7}.Debug|x64.ActiveCfg = Debug|Any CPU
		{7E0E2FD7-ED9F-4E2F-93DF-DBDE53A658E7}.Debug|x64.Build.0 = Debug|Any CPU
		{7E0E2FD7-ED9F-4E2F-93DF-DBDE53A658E7}.Debug|x86.ActiveCfg = Debug|Any CPU
		{7E0E2FD7-ED9F-4E2F-93DF-DBDE53A658E7}.Debug|x86.Build.0 = Debug|Any CPU
		{7E0E2FD7-ED9F-4E2F-93DF-DBDE53A658E7}.Release|Any CPU.ActiveCfg = Release|Any CPU
		{7E0E2FD7-ED9F-4E2F-93DF-DBDE53A658E7}.Release|Any CPU.Build.0 = Release|Any CPU
		{7E0E2FD7-ED9F-4E2F-93DF-DBDE53A658E7}.Release|x64.ActiveCfg = Release|Any CPU
		{7E0E2FD7-ED9F-4E2F-93DF-DBDE53A658E7}.Release|x64.Build.0 = Release|Any CPU
		{7E0E2FD7-ED9F-4E2F-93DF-DBDE53A658E7}.Release|x86.ActiveCfg = Release|Any CPU
		{7E0E2FD7-ED9F-4E2F-93DF-DBDE53A658E7}.Release|x86.Build.0 = Release|Any CPU
		{324316E6-01A7-4ACC-A82F-8806C1BFEA5D}.Debug|Any CPU.ActiveCfg = Debug|Any CPU
		{324316E6-01A7-4ACC-A82F-8806C1BFEA5D}.Debug|Any CPU.Build.0 = Debug|Any CPU
		{324316E6-01A7-4ACC-A82F-8806C1BFEA5D}.Debug|x64.ActiveCfg = Debug|Any CPU
		{324316E6-01A7-4ACC-A82F-8806C1BFEA5D}.Debug|x64.Build.0 = Debug|Any CPU
		{324316E6-01A7-4ACC-A82F-8806C1BFEA5D}.Debug|x86.ActiveCfg = Debug|Any CPU
		{324316E6-01A7-4ACC-A82F-8806C1BFEA5D}.Debug|x86.Build.0 = Debug|Any CPU
		{324316E6-01A7-4ACC-A82F-8806C1BFEA5D}.Release|Any CPU.ActiveCfg = Release|Any CPU
		{324316E6-01A7-4ACC-A82F-8806C1BFEA5D}.Release|Any CPU.Build.0 = Release|Any CPU
		{324316E6-01A7-4ACC-A82F-8806C1BFEA5D}.Release|x64.ActiveCfg = Release|Any CPU
		{324316E6-01A7-4ACC-A82F-8806C1BFEA5D}.Release|x64.Build.0 = Release|Any CPU
		{324316E6-01A7-4ACC-A82F-8806C1BFEA5D}.Release|x86.ActiveCfg = Release|Any CPU
		{324316E6-01A7-4ACC-A82F-8806C1BFEA5D}.Release|x86.Build.0 = Release|Any CPU
		{26FCA3B2-DEAD-44C7-9F37-FC233CC0BAEE}.Debug|Any CPU.ActiveCfg = Debug|Any CPU
		{26FCA3B2-DEAD-44C7-9F37-FC233CC0BAEE}.Debug|Any CPU.Build.0 = Debug|Any CPU
		{26FCA3B2-DEAD-44C7-9F37-FC233CC0BAEE}.Debug|x64.ActiveCfg = Debug|Any CPU
		{26FCA3B2-DEAD-44C7-9F37-FC233CC0BAEE}.Debug|x64.Build.0 = Debug|Any CPU
		{26FCA3B2-DEAD-44C7-9F37-FC233CC0BAEE}.Debug|x86.ActiveCfg = Debug|Any CPU
		{26FCA3B2-DEAD-44C7-9F37-FC233CC0BAEE}.Debug|x86.Build.0 = Debug|Any CPU
		{26FCA3B2-DEAD-44C7-9F37-FC233CC0BAEE}.Release|Any CPU.ActiveCfg = Release|Any CPU
		{26FCA3B2-DEAD-44C7-9F37-FC233CC0BAEE}.Release|Any CPU.Build.0 = Release|Any CPU
		{26FCA3B2-DEAD-44C7-9F37-FC233CC0BAEE}.Release|x64.ActiveCfg = Release|Any CPU
		{26FCA3B2-DEAD-44C7-9F37-FC233CC0BAEE}.Release|x64.Build.0 = Release|Any CPU
		{26FCA3B2-DEAD-44C7-9F37-FC233CC0BAEE}.Release|x86.ActiveCfg = Release|Any CPU
		{26FCA3B2-DEAD-44C7-9F37-FC233CC0BAEE}.Release|x86.Build.0 = Release|Any CPU
		{4D05B0BD-8626-4278-9291-D7106A37518E}.Debug|Any CPU.ActiveCfg = Debug|Any CPU
		{4D05B0BD-8626-4278-9291-D7106A37518E}.Debug|Any CPU.Build.0 = Debug|Any CPU
		{4D05B0BD-8626-4278-9291-D7106A37518E}.Debug|x64.ActiveCfg = Debug|Any CPU
		{4D05B0BD-8626-4278-9291-D7106A37518E}.Debug|x64.Build.0 = Debug|Any CPU
		{4D05B0BD-8626-4278-9291-D7106A37518E}.Debug|x86.ActiveCfg = Debug|Any CPU
		{4D05B0BD-8626-4278-9291-D7106A37518E}.Debug|x86.Build.0 = Debug|Any CPU
		{4D05B0BD-8626-4278-9291-D7106A37518E}.Release|Any CPU.ActiveCfg = Release|Any CPU
		{4D05B0BD-8626-4278-9291-D7106A37518E}.Release|Any CPU.Build.0 = Release|Any CPU
		{4D05B0BD-8626-4278-9291-D7106A37518E}.Release|x64.ActiveCfg = Release|Any CPU
		{4D05B0BD-8626-4278-9291-D7106A37518E}.Release|x64.Build.0 = Release|Any CPU
		{4D05B0BD-8626-4278-9291-D7106A37518E}.Release|x86.ActiveCfg = Release|Any CPU
		{4D05B0BD-8626-4278-9291-D7106A37518E}.Release|x86.Build.0 = Release|Any CPU
		{AF11EA61-0F3E-4A44-9EC4-95B27AF31D11}.Debug|Any CPU.ActiveCfg = Debug|Any CPU
		{AF11EA61-0F3E-4A44-9EC4-95B27AF31D11}.Debug|Any CPU.Build.0 = Debug|Any CPU
		{AF11EA61-0F3E-4A44-9EC4-95B27AF31D11}.Debug|x64.ActiveCfg = Debug|Any CPU
		{AF11EA61-0F3E-4A44-9EC4-95B27AF31D11}.Debug|x64.Build.0 = Debug|Any CPU
		{AF11EA61-0F3E-4A44-9EC4-95B27AF31D11}.Debug|x86.ActiveCfg = Debug|Any CPU
		{AF11EA61-0F3E-4A44-9EC4-95B27AF31D11}.Debug|x86.Build.0 = Debug|Any CPU
		{AF11EA61-0F3E-4A44-9EC4-95B27AF31D11}.Release|Any CPU.ActiveCfg = Release|Any CPU
		{AF11EA61-0F3E-4A44-9EC4-95B27AF31D11}.Release|Any CPU.Build.0 = Release|Any CPU
		{AF11EA61-0F3E-4A44-9EC4-95B27AF31D11}.Release|x64.ActiveCfg = Release|Any CPU
		{AF11EA61-0F3E-4A44-9EC4-95B27AF31D11}.Release|x64.Build.0 = Release|Any CPU
		{AF11EA61-0F3E-4A44-9EC4-95B27AF31D11}.Release|x86.ActiveCfg = Release|Any CPU
		{AF11EA61-0F3E-4A44-9EC4-95B27AF31D11}.Release|x86.Build.0 = Release|Any CPU
	EndGlobalSection
	GlobalSection(SolutionProperties) = preSolution
		HideSolutionNode = FALSE
	EndGlobalSection
	GlobalSection(NestedProjects) = preSolution
		{7E0E2FD7-ED9F-4E2F-93DF-DBDE53A658E7} = {5854FF58-B8C5-05C6-5BF2-ACE42193F22B}
		{324316E6-01A7-4ACC-A82F-8806C1BFEA5D} = {5854FF58-B8C5-05C6-5BF2-ACE42193F22B}
		{26FCA3B2-DEAD-44C7-9F37-FC233CC0BAEE} = {4F52FD11-658E-A102-6CD3-7D7C16FFA15B}
		{4D05B0BD-8626-4278-9291-D7106A37518E} = {5854FF58-B8C5-05C6-5BF2-ACE42193F22B}
		{AF11EA61-0F3E-4A44-9EC4-95B27AF31D11} = {0AB3BF05-4346-4AA6-1389-037BE0695223}
	EndGlobalSection
EndGlobal
